# This file is automatically generated by Poetry 1.8.0
# It is not intended to be manually edited.

[[package]]
name = "fastapi"
version = "0.110.0"
description = "FastAPI framework, high performance, easy to learn, fast to code, ready for production"
optional = false
python-versions = ">=3.8"
files = []

[[package]]
name = "uvicorn"
version = "0.28.0"
description = "The lightning-fast ASGI server."
optional = false
python-versions = ">=3.8"
files = []

[[package]]
name = "pydantic"
version = "2.6.4"
description = "Data validation using Python type hints"
optional = false
python-versions = ">=3.8"
files = []

[[package]]
name = "pydantic-settings"
version = "2.2.1"
description = "Settings management using Pydantic"
optional = false
python-versions = ">=3.8"
files = []

[[package]]
name = "sqlalchemy"
version = "2.0.28"
description = "Database Abstraction Library"
optional = false
python-versions = ">=3.7"
files = []

[[package]]
name = "alembic"
version = "1.13.1"
description = "A database migration tool for SQLAlchemy."
optional = false
python-versions = ">=3.8"
files = []

[[package]]
name = "numpy"
version = "1.26.4"
description = "Fundamental package for array computing in Python"
optional = false
python-versions = ">=3.9"
files = []

[[package]]
name = "pandas"
version = "2.2.1"
description = "Powerful data structures for data analysis, time series, and statistics"
optional = false
python-versions = ">=3.9"
files = []

[[package]]
name = "scikit-learn"
version = "1.4.1.post1"
description = "A set of python modules for machine learning and data mining"
optional = false
python-versions = ">=3.9"
files = []

[[package]]
name = "scipy"
version = "1.12.0"
description = "Fundamental algorithms for scientific computing in Python"
optional = false
python-versions = ">=3.9"
files = []

[[package]]
name = "requests"
version = "2.31.0"
description = "Python HTTP for Humans."
optional = false
python-versions = ">=3.8"
files = []

[[package]]
name = "httpx"
version = "0.27.0"
description = "The next generation HTTP client for Python."
optional = false
python-versions = ">=3.8"
files = []

[[package]]
name = "pytest"
version = "8.1.1"
description = "pytest: simple powerful testing with Python"
optional = false
python-versions = ">=3.8"
files = []

[metadata]
lock-version = "2.0"
python-versions = "^3.10"
content-hash = "e6c4b2a8f01b3d5c7e9a2b4d6f8e0c2a4b6d8e0f2a4b6c8d0e2f4a6b8c0d2e4f"
